
Microsoft Visual Studio Solution File, Format Version 12.00
# Visual Studio Version 17
VisualStudioVersion = 17.0.31903.59
MinimumVisualStudioVersion = 10.0.40219.1
Project("{2150E333-8FDC-42A3-9474-1A3956D46DE8}") = "src", "src", "{827E0CD3-B72D-47B6-A68D-7590B98EB39B}"
EndProject
Project("{FAE04EC0-301F-11D3-BF4B-00C04F79EFBC}") = "WinMtr.Core", "src\WinMtr.Core\WinMtr.Core.csproj", "{1B8DC75D-913F-4E88-A528-3C24D174C574}"
EndProject
Project("{2150E333-8FDC-42A3-9474-1A3956D46DE8}") = "tests", "tests", "{0AB3BF05-4346-4AA6-1389-037BE0695223}"
EndProject
Project("{FAE04EC0-301F-11D3-BF4B-00C04F79EFBC}") = "WinMtr.Core.Tests", "tests\WinMtr.Core.Tests\WinMtr.Core.Tests.csproj", "{E2D06F84-C242-46F3-8DF7-5DE4DD58EB8A}"
EndProject
Project("{FAE04EC0-301F-11D3-BF4B-00C04F79EFBC}") = "WinMtr.Infrastructure", "src\WinMtr.Infrastructure\WinMtr.Infrastructure.csproj", "{97FECFEB-CC5F-4B40-89C0-3FABA83C400E}"
EndProject
Project("{FAE04EC0-301F-11D3-BF4B-00C04F79EFBC}") = "WinMtr.Console", "src\WinMtr.Console\WinMtr.Console.csproj", "{E048BBC6-1C19-49AA-8A4A-6A0CCCF2E82F}"
EndProject
Project("{FAE04EC0-301F-11D3-BF4B-00C04F79EFBC}") = "WinMtr.Console.Tests", "tests\WinMtr.Console.Tests\WinMtr.Console.Tests.csproj", "{BD51C5CD-0938-40D1-9631-FE68A5B68362}"
EndProject
Project("{FAE04EC0-301F-11D3-BF4B-00C04F79EFBC}") = "WinMtr.Infrastructure.Tests", "tests\WinMtr.Infrastructure.Tests\WinMtr.Infrastructure.Tests.csproj", "{AF6EA152-E0D4-419D-ADE8-FD3EC9B6DC3F}"
EndProject
Project("{FAE04EC0-301F-11D3-BF4B-00C04F79EFBC}") = "WinMtr.TestSupport", "tests\WinMtr.TestSupport\WinMtr.TestSupport.csproj", "{3F2A1B4C-5D6E-4F70-8192-A3B4C5D6E7F8}"
EndProject
Project("{FAE04EC0-301F-11D3-BF4B-00C04F79EFBC}") = "WinMtr.Desktop", "src\WinMtr.Desktop\WinMtr.Desktop.csproj", "{22BE7EF1-CFDC-41D2-8F44-41F4F752CEF7}"
EndProject
Project("{FAE04EC0-301F-11D3-BF4B-00C04F79EFBC}") = "WinMtr.Desktop.Tests", "tests\WinMtr.Desktop.Tests\WinMtr.Desktop.Tests.csproj", "{EE5DDDDC-DA76-4AE0-BD65-DDB898510B08}"
EndProject
Global
	GlobalSection(SolutionConfigurationPlatforms) = preSolution
		Debug|Any CPU = Debug|Any CPU
		Debug|x64 = Debug|x64
		Debug|x86 = Debug|x86
		Release|Any CPU = Release|Any CPU
		Release|x64 = Release|x64
		Release|x86 = Release|x86
	EndGlobalSection
	GlobalSection(ProjectConfigurationPlatforms) = postSolution
		{1B8DC75D-913F-4E88-A528-3C24D174C574}.Debug|Any CPU.ActiveCfg = Debug|Any CPU
		{1B8DC75D-913F-4E88-A528-3C24D174C574}.Debug|Any CPU.Build.0 = Debug|Any CPU
		{1B8DC75D-913F-4E88-A528-3C24D174C574}.Debug|x64.ActiveCfg = Debug|Any CPU
		{1B8DC75D-913F-4E88-A528-3C24D174C574}.Debug|x64.Build.0 = Debug|Any CPU
		{1B8DC75D-913F-4E88-A528-3C24D174C574}.Debug|x86.ActiveCfg = Debug|Any CPU
		{1B8DC75D-913F-4E88-A528-3C24D174C574}.Debug|x86.Build.0 = Debug|Any CPU
		{1B8DC75D-913F-4E88-A528-3C24D174C574}.Release|Any CPU.ActiveCfg = Release|Any CPU
		{1B8DC75D-913F-4E88-A528-3C24D174C574}.Release|Any CPU.Build.0 = Release|Any CPU
		{1B8DC75D-913F-4E88-A528-3C24D174C574}.Release|x64.ActiveCfg = Release|Any CPU
		{1B8DC75D-913F-4E88-A528-3C24D174C574}.Release|x64.Build.0 = Release|Any CPU
		{1B8DC75D-913F-4E88-A528-3C24D174C574}.Release|x86.ActiveCfg = Release|Any CPU
		{1B8DC75D-913F-4E88-A528-3C24D174C574}.Release|x86.Build.0 = Release|Any CPU
		{E2D06F84-C242-46F3-8DF7-5DE4DD58EB8A}.Debug|Any CPU.ActiveCfg = Debug|Any CPU
		{E2D06F84-C242-46F3-8DF7-5DE4DD58EB8A}.Debug|Any CPU.Build.0 = Debug|Any CPU
		{E2D06F84-C242-46F3-8DF7-5DE4DD58EB8A}.Debug|x64.ActiveCfg = Debug|Any CPU
		{E2D06F84-C242-46F3-8DF7-5DE4DD58EB8A}.Debug|x64.Build.0 = Debug|Any CPU
		{E2D06F84-C242-46F3-8DF7-5DE4DD58EB8A}.Debug|x86.ActiveCfg = Debug|Any CPU
		{E2D06F84-C242-46F3-8DF7-5DE4DD58EB8A}.Debug|x86.Build.0 = Debug|Any CPU
		{E2D06F84-C242-46F3-8DF7-5DE4DD58EB8A}.Release|Any CPU.ActiveCfg = Release|Any CPU
		{E2D06F84-C242-46F3-8DF7-5DE4DD58EB8A}.Release|Any CPU.Build.0 = Release|Any CPU
		{E2D06F84-C242-46F3-8DF7-5DE4DD58EB8A}.Release|x64.ActiveCfg = Release|Any CPU
		{E2D06F84-C242-46F3-8DF7-5DE4DD58EB8A}.Release|x64.Build.0 = Release|Any CPU
		{E2D06F84-C242-46F3-8DF7-5DE4DD58EB8A}.Release|x86.ActiveCfg = Release|Any CPU
		{E2D06F84-C242-46F3-8DF7-5DE4DD58EB8A}.Release|x86.Build.0 = Release|Any CPU
		{97FECFEB-CC5F-4B40-89C0-3FABA83C400E}.Debug|Any CPU.ActiveCfg = Debug|Any CPU
		{97FECFEB-CC5F-4B40-89C0-3FABA83C400E}.Debug|Any CPU.Build.0 = Debug|Any CPU
		{97FECFEB-CC5F-4B40-89C0-3FABA83C400E}.Debug|x64.ActiveCfg = Debug|Any CPU
		{97FECFEB-CC5F-4B40-89C0-3FABA83C400E}.Debug|x64.Build.0 = Debug|Any CPU
		{97FECFEB-CC5F-4B40-89C0-3FABA83C400E}.Debug|x86.ActiveCfg = Debug|Any CPU
		{97FECFEB-CC5F-4B40-89C0-3FABA83C400E}.Debug|x86.Build.0 = Debug|Any CPU
		{97FECFEB-CC5F-4B40-89C0-3FABA83C400E}.Release|Any CPU.ActiveCfg = Release|Any CPU
		{97FECFEB-CC5F-4B40-89C0-3FABA83C400E}.Release|Any CPU.Build.0 = Release|Any CPU
		{97FECFEB-CC5F-4B40-89C0-3FABA83C400E}.Release|x64.ActiveCfg = Release|Any CPU
		{97FECFEB-CC5F-4B40-89C0-3FABA83C400E}.Release|x64.Build.0 = Release|Any CPU
		{97FECFEB-CC5F-4B40-89C0-3FABA83C400E}.Release|x86.ActiveCfg = Release|Any CPU
		{97FECFEB-CC5F-4B40-89C0-3FABA83C400E}.Release|x86.Build.0 = Release|Any CPU
		{E048BBC6-1C19-49AA-8A4A-6A0CCCF2E82F}.Debug|Any CPU.ActiveCfg = Debug|Any CPU
		{E048BBC6-1C19-49AA-8A4A-6A0CCCF2E82F}.Debug|Any CPU.Build.0 = Debug|Any CPU
		{E048BBC6-1C19-49AA-8A4A-6A0CCCF2E82F}.Debug|x64.ActiveCfg = Debug|Any CPU
		{E048BBC6-1C19-49AA-8A4A-6A0CCCF2E82F}.Debug|x64.Build.0 = Debug|Any CPU
		{E048BBC6-1C19-49AA-8A4A-6A0CCCF2E82F}.Debug|x86.ActiveCfg = Debug|Any CPU
		{E048BBC6-1C19-49AA-8A4A-6A0CCCF2E82F}.Debug|x86.Build.0 = Debug|Any CPU
		{E048BBC6-1C19-49AA-8A4A-6A0CCCF2E82F}.Release|Any CPU.ActiveCfg = Release|Any CPU
		{E048BBC6-1C19-49AA-8A4A-6A0CCCF2E82F}.Release|Any CPU.Build.0 = Release|Any CPU
		{E048BBC6-1C19-49AA-8A4A-6A0CCCF2E82F}.Release|x64.ActiveCfg = Release|Any CPU
		{E048BBC6-1C19-49AA-8A4A-6A0CCCF2E82F}.Release|x64.Build.0 = Release|Any CPU
		{E048BBC6-1C19-49AA-8A4A-6A0CCCF2E82F}.Release|x86.ActiveCfg = Release|Any CPU
		{E048BBC6-1C19-49AA-8A4A-6A0CCCF2E82F}.Release|x86.Build.0 = Release|Any CPU
		{BD51C5CD-0938-40D1-9631-FE68A5B68362}.Debug|Any CPU.ActiveCfg = Debug|Any CPU
		{BD51C5CD-0938-40D1-9631-FE68A5B68362}.Debug|Any CPU.Build.0 = Debug|Any CPU
		{BD51C5CD-0938-40D1-9631-FE68A5B68362}.Debug|x64.ActiveCfg = Debug|Any CPU
		{BD51C5CD-0938-40D1-9631-FE68A5B68362}.Debug|x64.Build.0 = Debug|Any CPU
		{BD51C5CD-0938-40D1-9631-FE68A5B68362}.Debug|x86.ActiveCfg = Debug|Any CPU
		{BD51C5CD-0938-40D1-9631-FE68A5B68362}.Debug|x86.Build.0 = Debug|Any CPU
		{BD51C5CD-0938-40D1-9631-FE68A5B68362}.Release|Any CPU.ActiveCfg = Release|Any CPU
		{BD51C5CD-0938-40D1-9631-FE68A5B68362}.Release|Any CPU.Build.0 = Release|Any CPU
		{BD51C5CD-0938-40D1-9631-FE68A5B68362}.Release|x64.ActiveCfg = Release|Any CPU
		{BD51C5CD-0938-40D1-9631-FE68A5B68362}.Release|x64.Build.0 = Release|Any CPU
		{BD51C5CD-0938-40D1-9631-FE68A5B68362}.Release|x86.ActiveCfg = Release|Any CPU
		{BD51C5CD-0938-40D1-9631-FE68A5B68362}.Release|x86.Build.0 = Release|Any CPU
		{AF6EA152-E0D4-419D-ADE8-FD3EC9B6DC3F}.Debug|Any CPU.ActiveCfg = Debug|Any CPU
		{AF6EA152-E0D4-419D-ADE8-FD3EC9B6DC3F}.Debug|Any CPU.Build.0 = Debug|Any CPU
		{AF6EA152-E0D4-419D-ADE8-FD3EC9B6DC3F}.Debug|x64.ActiveCfg = Debug|Any CPU
		{AF6EA152-E0D4-419D-ADE8-FD3EC9B6DC3F}.Debug|x64.Build.0 = Debug|Any CPU
		{AF6EA152-E0D4-419D-ADE8-FD3EC9B6DC3F}.Debug|x86.ActiveCfg = Debug|Any CPU
		{AF6EA152-E0D4-419D-ADE8-FD3EC9B6DC3F}.Debug|x86.Build.0 = Debug|Any CPU
		{AF6EA152-E0D4-419D-ADE8-FD3EC9B6DC3F}.Release|Any CPU.ActiveCfg = Release|Any CPU
		{AF6EA152-E0D4-419D-ADE8-FD3EC9B6DC3F}.Release|Any CPU.Build.0 = Release|Any CPU
		{AF6EA152-E0D4-419D-ADE8-FD3EC9B6DC3F}.Release|x64.ActiveCfg = Release|Any CPU
		{AF6EA152-E0D4-419D-ADE8-FD3EC9B6DC3F}.Release|x64.Build.0 = Release|Any CPU
		{AF6EA152-E0D4-419D-ADE8-FD3EC9B6DC3F}.Release|x86.ActiveCfg = Release|Any CPU
		{AF6EA152-E0D4-419D-ADE8-FD3EC9B6DC3F}.Release|x86.Build.0 = Release|Any CPU
		{3F2A1B4C-5D6E-4F70-8192-A3B4C5D6E7F8}.Debug|Any CPU.ActiveCfg = Debug|Any CPU
		{3F2A1B4C-5D6E-4F70-8192-A3B4C5D6E7F8}.Debug|Any CPU.Build.0 = Debug|Any CPU
		{3F2A1B4C-5D6E-4F70-8192-A3B4C5D6E7F8}.Debug|x64.ActiveCfg = Debug|Any CPU
		{3F2A1B4C-5D6E-4F70-8192-A3B4C5D6E7F8}.Debug|x64.Build.0 = Debug|Any CPU
		{3F2A1B4C-5D6E-4F70-8192-A3B4C5D6E7F8}.Debug|x86.ActiveCfg = Debug|Any CPU
		{3F2A1B4C-5D6E-4F70-8192-A3B4C5D6E7F8}.Debug|x86.Build.0 = Debug|Any CPU
		{3F2A1B4C-5D6E-4F70-8192-A3B4C5D6E7F8}.Release|Any CPU.ActiveCfg = Release|Any CPU
		{3F2A1B4C-5D6E-4F70-8192-A3B4C5D6E7F8}.Release|Any CPU.Build.0 = Release|Any CPU
		{3F2A1B4C-5D6E-4F70-8192-A3B4C5D6E7F8}.Release|x64.ActiveCfg = Release|Any CPU
		{3F2A1B4C-5D6E-4F70-8192-A3B4C5D6E7F8}.Release|x64.Build.0 = Release|Any CPU
		{3F2A1B4C-5D6E-4F70-8192-A3B4C5D6E7F8}.Release|x86.ActiveCfg = Release|Any CPU
		{3F2A1B4C-5D6E-4F70-8192-A3B4C5D6E7F8}.Release|x86.Build.0 = Release|Any CPU
		{22BE7EF1-CFDC-41D2-8F44-41F4F752CEF7}.Debug|Any CPU.ActiveCfg = Debug|Any CPU
		{22BE7EF1-CFDC-41D2-8F44-41F4F752CEF7}.Debug|Any CPU.Build.0 = Debug|Any CPU
		{22BE7EF1-CFDC-41D2-8F44-41F4F752CEF7}.Debug|x64.ActiveCfg = Debug|Any CPU
		{22BE7EF1-CFDC-41D2-8F44-41F4F752CEF7}.Debug|x64.Build.0 = Debug|Any CPU
		{22BE7EF1-CFDC-41D2-8F44-41F4F752CEF7}.Debug|x86.ActiveCfg = Debug|Any CPU
		{22BE7EF1-CFDC-41D2-8F44-41F4F752CEF7}.Debug|x86.Build.0 = Debug|Any CPU
		{22BE7EF1-CFDC-41D2-8F44-41F4F752CEF7}.Release|Any CPU.ActiveCfg = Release|Any CPU
		{22BE7EF1-CFDC-41D2-8F44-41F4F752CEF7}.Release|Any CPU.Build.0 = Release|Any CPU
		{22BE7EF1-CFDC-41D2-8F44-41F4F752CEF7}.Release|x64.ActiveCfg = Release|Any CPU
		{22BE7EF1-CFDC-41D2-8F44-41F4F752CEF7}.Release|x64.Build.0 = Release|Any CPU
		{22BE7EF1-CFDC-41D2-8F44-41F4F752CEF7}.Release|x86.ActiveCfg = Release|Any CPU
		{22BE7EF1-CFDC-41D2-8F44-41F4F752CEF7}.Release|x86.Build.0 = Release|Any CPU
		{EE5DDDDC-DA76-4AE0-BD65-DDB898510B08}.Debug|Any CPU.ActiveCfg = Debug|Any CPU
		{EE5DDDDC-DA76-4AE0-BD65-DDB898510B08}.Debug|Any CPU.Build.0 = Debug|Any CPU
		{EE5DDDDC-DA76-4AE0-BD65-DDB898510B08}.Debug|x64.ActiveCfg = Debug|Any CPU
		{EE5DDDDC-DA76-4AE0-BD65-DDB898510B08}.Debug|x64.Build.0 = Debug|Any CPU
		{EE5DDDDC-DA76-4AE0-BD65-DDB898510B08}.Debug|x86.ActiveCfg = Debug|Any CPU
		{EE5DDDDC-DA76-4AE0-BD65-DDB898510B08}.Debug|x86.Build.0 = Debug|Any CPU
		{EE5DDDDC-DA76-4AE0-BD65-DDB898510B08}.Release|Any CPU.ActiveCfg = Release|Any CPU
		{EE5DDDDC-DA76-4AE0-BD65-DDB898510B08}.Release|Any CPU.Build.0 = Release|Any CPU
		{EE5DDDDC-DA76-4AE0-BD65-DDB898510B08}.Release|x64.ActiveCfg = Release|Any CPU
		{EE5DDDDC-DA76-4AE0-BD65-DDB898510B08}.Release|x64.Build.0 = Release|Any CPU
		{EE5DDDDC-DA76-4AE0-BD65-DDB898510B08}.Release|x86.ActiveCfg = Release|Any CPU
		{EE5DDDDC-DA76-4AE0-BD65-DDB898510B08}.Release|x86.Build.0 = Release|Any CPU
	EndGlobalSection
	GlobalSection(SolutionProperties) = preSolution
		HideSolutionNode = FALSE
	EndGlobalSection
	GlobalSection(NestedProjects) = preSolution
		{1B8DC75D-913F-4E88-A528-3C24D174C574} = {827E0CD3-B72D-47B6-A68D-7590B98EB39B}
		{E2D06F84-C242-46F3-8DF7-5DE4DD58EB8A} = {0AB3BF05-4346-4AA6-1389-037BE0695223}
		{97FECFEB-CC5F-4B40-89C0-3FABA83C400E} = {827E0CD3-B72D-47B6-A68D-7590B98EB39B}
		{E048BBC6-1C19-49AA-8A4A-6A0CCCF2E82F} = {827E0CD3-B72D-47B6-A68D-7590B98EB39B}
		{BD51C5CD-0938-40D1-9631-FE68A5B68362} = {0AB3BF05-4346-4AA6-1389-037BE0695223}
		{AF6EA152-E0D4-419D-ADE8-FD3EC9B6DC3F} = {0AB3BF05-4346-4AA6-1389-037BE0695223}
		{3F2A1B4C-5D6E-4F70-8192-A3B4C5D6E7F8} = {0AB3BF05-4346-4AA6-1389-037BE0695223}
		{22BE7EF1-CFDC-41D2-8F44-41F4F752CEF7} = {827E0CD3-B72D-47B6-A68D-7590B98EB39B}
		{EE5DDDDC-DA76-4AE0-BD65-DDB898510B08} = {0AB3BF05-4346-4AA6-1389-037BE0695223}
	EndGlobalSection
EndGlobal
